
Microsoft Visual Studio Solution File, Format Version 12.00
# Visual Studio Version 18
VisualStudioVersion = 18.3.11520.95 d18.3
MinimumVisualStudioVersion = 10.0.40219.1
Project("{8BC9CEB8-8B4A-11D0-8D11-00A0C91BC942}") = "WarpCore", "src\WarpCore\WarpCore.vcxproj", "{30B9BED9-AFAF-4D12-9425-3B293D889A9F}"
EndProject
Project("{9A19103F-16F7-4668-BE54-9A1E7A4F7556}") = "WarpProcessing", "src\WarpProcessing\WarpProcessing.csproj", "{4FFBD0BC-E094-47F4-9FAA-69C651CA82CF}"
EndProject
Project("{9A19103F-16F7-4668-BE54-9A1E7A4F7556}") = "WarpViewer", "src\WarpViewer\WarpViewer.csproj", "{EEDB87B0-2F93-4B43-BD10-651A2D9D6D58}"
EndProject
Project("{9A19103F-16F7-4668-BE54-9A1E7A4F7556}") = "WarpViewerTest", "src\WarpViewerTest\WarpViewerTest.csproj", "{6E68D1A1-E99E-4AA5-88D9-9878192358DB}"
EndProject
Project("{9A19103F-16F7-4668-BE54-9A1E7A4F7556}") = "Warp9", "src\Warp9\Warp9.csproj", "{214F71FF-C1A3-429C-B4CE-A4D1BCDA818A}"
EndProject
Project("{9A19103F-16F7-4668-BE54-9A1E7A4F7556}") = "WarpProcessingTest", "src\WarpProcessingTest\WarpProcessingTest.csproj", "{129C9A5D-8979-43E4-B4AE-A6DD9F810970}"
EndProject
Project("{2150E333-8FDC-42A3-9474-1A3956D46DE8}") = "Test", "Test", "{D0611937-6486-4B69-B905-D63ABBCBBDF0}"
EndProject
Global
	GlobalSection(SolutionConfigurationPlatforms) = preSolution
		Debug|Any CPU = Debug|Any CPU
		Debug|x64 = Debug|x64
		Release|Any CPU = Release|Any CPU
		Release|x64 = Release|x64
	EndGlobalSection
	GlobalSection(ProjectConfigurationPlatforms) = postSolution
		{30B9BED9-AFAF-4D12-9425-3B293D889A9F}.Debug|Any CPU.ActiveCfg = Debug|x64
		{30B9BED9-AFAF-4D12-9425-3B293D889A9F}.Debug|Any CPU.Build.0 = Debug|x64
		{30B9BED9-AFAF-4D12-9425-3B293D889A9F}.Debug|x64.ActiveCfg = Debug|x64
		{30B9BED9-AFAF-4D12-9425-3B293D889A9F}.Debug|x64.Build.0 = Debug|x64
		{30B9BED9-AFAF-4D12-9425-3B293D889A9F}.Release|Any CPU.ActiveCfg = Release|x64
		{30B9BED9-AFAF-4D12-9425-3B293D889A9F}.Release|Any CPU.Build.0 = Release|x64
		{30B9BED9-AFAF-4D12-9425-3B293D889A9F}.Release|x64.ActiveCfg = Release|x64
		{30B9BED9-AFAF-4D12-9425-3B293D889A9F}.Release|x64.Build.0 = Release|x64
		{4FFBD0BC-E094-47F4-9FAA-69C651CA82CF}.Debug|Any CPU.ActiveCfg = Debug|Any CPU
		{4FFBD0BC-E094-47F4-9FAA-69C651CA82CF}.Debug|Any CPU.Build.0 = Debug|Any CPU
		{4FFBD0BC-E094-47F4-9FAA-69C651CA82CF}.Debug|x64.ActiveCfg = Debug|x64
		{4FFBD0BC-E094-47F4-9FAA-69C651CA82CF}.Debug|x64.Build.0 = Debug|x64
		{4FFBD0BC-E094-47F4-9FAA-69C651CA82CF}.Release|Any CPU.ActiveCfg = Release|Any CPU
		{4FFBD0BC-E094-47F4-9FAA-69C651CA82CF}.Release|Any CPU.Build.0 = Release|Any CPU
		{4FFBD0BC-E094-47F4-9FAA-69C651CA82CF}.Release|x64.ActiveCfg = Release|x64
		{4FFBD0BC-E094-47F4-9FAA-69C651CA82CF}.Release|x64.Build.0 = Release|x64
		{EEDB87B0-2F93-4B43-BD10-651A2D9D6D58}.Debug|Any CPU.ActiveCfg = Debug|Any CPU
		{EEDB87B0-2F93-4B43-BD10-651A2D9D6D58}.Debug|Any CPU.Build.0 = Debug|Any CPU
		{EEDB87B0-2F93-4B43-BD10-651A2D9D6D58}.Debug|x64.ActiveCfg = Debug|x64
		{EEDB87B0-2F93-4B43-BD10-651A2D9D6D58}.Debug|x64.Build.0 = Debug|x64
		{EEDB87B0-2F93-4B43-BD10-651A2D9D6D58}.Release|Any CPU.ActiveCfg = Release|Any CPU
		{EEDB87B0-2F93-4B43-BD10-651A2D9D6D58}.Release|Any CPU.Build.0 = Release|Any CPU
		{EEDB87B0-2F93-4B43-BD10-651A2D9D6D58}.Release|x64.ActiveCfg = Release|x64
		{EEDB87B0-2F93-4B43-BD10-651A2D9D6D58}.Release|x64.Build.0 = Release|x64
		{6E68D1A1-E99E-4AA5-88D9-9878192358DB}.Debug|Any CPU.ActiveCfg = Debug|Any CPU
		{6E68D1A1-E99E-4AA5-88D9-9878192358DB}.Debug|Any CPU.Build.0 = Debug|Any CPU
		{6E68D1A1-E99E-4AA5-88D9-9878192358DB}.Debug|x64.ActiveCfg = Debug|x64
		{6E68D1A1-E99E-4AA5-88D9-9878192358DB}.Debug|x64.Build.0 = Debug|x64
		{6E68D1A1-E99E-4AA5-88D9-9878192358DB}.Release|Any CPU.ActiveCfg = Release|Any CPU
		{6E68D1A1-E99E-4AA5-88D9-9878192358DB}.Release|Any CPU.Build.0 = Release|Any CPU
		{6E68D1A1-E99E-4AA5-88D9-9878192358DB}.Release|x64.ActiveCfg = Release|x64
		{6E68D1A1-E99E-4AA5-88D9-9878192358DB}.Release|x64.Build.0 = Release|x64
		{214F71FF-C1A3-429C-B4CE-A4D1BCDA818A}.Debug|Any CPU.ActiveCfg = Debug|Any CPU
		{214F71FF-C1A3-429C-B4CE-A4D1BCDA818A}.Debug|Any CPU.Build.0 = Debug|Any CPU
		{214F71FF-C1A3-429C-B4CE-A4D1BCDA818A}.Debug|x64.ActiveCfg = Debug|x64
		{214F71FF-C1A3-429C-B4CE-A4D1BCDA818A}.Debug|x64.Build.0 = Debug|x64
		{214F71FF-C1A3-429C-B4CE-A4D1BCDA818A}.Release|Any CPU.ActiveCfg = Release|Any CPU
		{214F71FF-C1A3-429C-B4CE-A4D1BCDA818A}.Release|Any CPU.Build.0 = Release|Any CPU
		{214F71FF-C1A3-429C-B4CE-A4D1BCDA818A}.Release|x64.ActiveCfg = Release|x64
		{214F71FF-C1A3-429C-B4CE-A4D1BCDA818A}.Release|x64.Build.0 = Release|x64
		{129C9A5D-8979-43E4-B4AE-A6DD9F810970}.Debug|Any CPU.ActiveCfg = Debug|Any CPU
		{129C9A5D-8979-43E4-B4AE-A6DD9F810970}.Debug|Any CPU.Build.0 = Debug|Any CPU
		{129C9A5D-8979-43E4-B4AE-A6DD9F810970}.Debug|x64.ActiveCfg = Debug|x64
		{129C9A5D-8979-43E4-B4AE-A6DD9F810970}.Debug|x64.Build.0 = Debug|x64
		{129C9A5D-8979-43E4-B4AE-A6DD9F810970}.Release|Any CPU.ActiveCfg = Release|Any CPU
		{129C9A5D-8979-43E4-B4AE-A6DD9F810970}.Release|Any CPU.Build.0 = Release|Any CPU
		{129C9A5D-8979-43E4-B4AE-A6DD9F810970}.Release|x64.ActiveCfg = Release|x64
		{129C9A5D-8979-43E4-B4AE-A6DD9F810970}.Release|x64.Build.0 = Release|x64
	EndGlobalSection
	GlobalSection(SolutionProperties) = preSolution
		HideSolutionNode = FALSE
	EndGlobalSection
	GlobalSection(NestedProjects) = preSolution
		{6E68D1A1-E99E-4AA5-88D9-9878192358DB} = {D0611937-6486-4B69-B905-D63ABBCBBDF0}
		{129C9A5D-8979-43E4-B4AE-A6DD9F810970} = {D0611937-6486-4B69-B905-D63ABBCBBDF0}
	EndGlobalSection
	GlobalSection(ExtensibilityGlobals) = postSolution
		SolutionGuid = {BF225FCF-B1B3-4C08-A0A4-F25FFAD55CD3}
	EndGlobalSection
EndGlobal
